// !$*UTF8*$!
{
	archiveVersion = 1;
	classes = {
	};
	objectVersion = 46;
	objects = {

/* Begin PBXBuildFile section */
		620039AD1AEC861800B14F97 /* Images.xcassets in Resources */ = {isa = PBXBuildFile; fileRef = 620039AC1AEC861800B14F97 /* Images.xcassets */; };
		624E4B321AEF5E8F0057E714 /* Extensions.swift in Sources */ = {isa = PBXBuildFile; fileRef = 624E4B311AEF5E8F0057E714 /* Extensions.swift */; };
		62688DB21AF99CCD005C536F /* ComposerAccessoryView.swift in Sources */ = {isa = PBXBuildFile; fileRef = 62688DB11AF99CCD005C536F /* ComposerAccessoryView.swift */; };
		6282F1711AD8BED2003114F0 /* AppDelegate.swift in Sources */ = {isa = PBXBuildFile; fileRef = 6282F1701AD8BED2003114F0 /* AppDelegate.swift */; };
		6282F1731AD8BED2003114F0 /* ViewController.swift in Sources */ = {isa = PBXBuildFile; fileRef = 6282F1721AD8BED2003114F0 /* ViewController.swift */; };
		6282F17B1AD8BED2003114F0 /* LaunchScreen.xib in Resources */ = {isa = PBXBuildFile; fileRef = 6282F1791AD8BED2003114F0 /* LaunchScreen.xib */; };
		6282F1871AD8BED2003114F0 /* PadTests.swift in Sources */ = {isa = PBXBuildFile; fileRef = 6282F1861AD8BED2003114F0 /* PadTests.swift */; };
		6282F1911AD8C2B5003114F0 /* NoteViewController.swift in Sources */ = {isa = PBXBuildFile; fileRef = 6282F1901AD8C2B5003114F0 /* NoteViewController.swift */; };
		6282F1941AD8CC4B003114F0 /* CloudKit.framework in Frameworks */ = {isa = PBXBuildFile; fileRef = 6282F1931AD8CC4B003114F0 /* CloudKit.framework */; };
		6282F1961AD8DF31003114F0 /* Note.swift in Sources */ = {isa = PBXBuildFile; fileRef = 6282F1951AD8DF31003114F0 /* Note.swift */; };
		629F9EC81AE3270C00699DA6 /* Composer.swift in Sources */ = {isa = PBXBuildFile; fileRef = 629F9EC71AE3270C00699DA6 /* Composer.swift */; };
		62E16A301AF83D8C006D9ECB /* AtlasGrotesk-Regular.otf in Resources */ = {isa = PBXBuildFile; fileRef = 62E16A2E1AF83D8C006D9ECB /* AtlasGrotesk-Regular.otf */; };
		62E16A311AF83D8C006D9ECB /* AtlasGrotesk-Light.otf in Resources */ = {isa = PBXBuildFile; fileRef = 62E16A2F1AF83D8C006D9ECB /* AtlasGrotesk-Light.otf */; };
		62E56B441AEC523700B2D4B9 /* TableViewController.swift in Sources */ = {isa = PBXBuildFile; fileRef = 62E56B431AEC523700B2D4B9 /* TableViewController.swift */; };
/* End PBXBuildFile section */

/* Begin PBXContainerItemProxy section */
		6282F1811AD8BED2003114F0 /* PBXContainerItemProxy */ = {
			isa = PBXContainerItemProxy;
			containerPortal = 6282F1631AD8BED2003114F0 /* Project object */;
			proxyType = 1;
			remoteGlobalIDString = 6282F16A1AD8BED2003114F0;
			remoteInfo = Pad;
		};
/* End PBXContainerItemProxy section */

/* Begin PBXFileReference section */
		620039AC1AEC861800B14F97 /* Images.xcassets */ = {isa = PBXFileReference; lastKnownFileType = folder.assetcatalog; path = Images.xcassets; sourceTree = "<group>"; };
		624E4B311AEF5E8F0057E714 /* Extensions.swift */ = {isa = PBXFileReference; fileEncoding = 4; lastKnownFileType = sourcecode.swift; path = Extensions.swift; sourceTree = "<group>"; };
		62688DB11AF99CCD005C536F /* ComposerAccessoryView.swift */ = {isa = PBXFileReference; fileEncoding = 4; lastKnownFileType = sourcecode.swift; path = ComposerAccessoryView.swift; sourceTree = "<group>"; };
		6282F16B1AD8BED2003114F0 /* Pad.app */ = {isa = PBXFileReference; explicitFileType = wrapper.application; includeInIndex = 0; path = Pad.app; sourceTree = BUILT_PRODUCTS_DIR; };
		6282F16F1AD8BED2003114F0 /* Info.plist */ = {isa = PBXFileReference; lastKnownFileType = text.plist.xml; path = Info.plist; sourceTree = "<group>"; };
		6282F1701AD8BED2003114F0 /* AppDelegate.swift */ = {isa = PBXFileReference; lastKnownFileType = sourcecode.swift; path = AppDelegate.swift; sourceTree = "<group>"; };
		6282F1721AD8BED2003114F0 /* ViewController.swift */ = {isa = PBXFileReference; lastKnownFileType = sourcecode.swift; path = ViewController.swift; sourceTree = "<group>"; };
		6282F17A1AD8BED2003114F0 /* Base */ = {isa = PBXFileReference; lastKnownFileType = file.xib; name = Base; path = Base.lproj/LaunchScreen.xib; sourceTree = "<group>"; };
		6282F1801AD8BED2003114F0 /* PadTests.xctest */ = {isa = PBXFileReference; explicitFileType = wrapper.cfbundle; includeInIndex = 0; path = PadTests.xctest; sourceTree = BUILT_PRODUCTS_DIR; };
		6282F1851AD8BED2003114F0 /* Info.plist */ = {isa = PBXFileReference; lastKnownFileType = text.plist.xml; path = Info.plist; sourceTree = "<group>"; };
		6282F1861AD8BED2003114F0 /* PadTests.swift */ = {isa = PBXFileReference; lastKnownFileType = sourcecode.swift; path = PadTests.swift; sourceTree = "<group>"; };
		6282F1901AD8C2B5003114F0 /* NoteViewController.swift */ = {isa = PBXFileReference; fileEncoding = 4; lastKnownFileType = sourcecode.swift; path = NoteViewController.swift; sourceTree = "<group>"; };
		6282F1921AD8CC47003114F0 /* Pad.entitlements */ = {isa = PBXFileReference; lastKnownFileType = text.xml; path = Pad.entitlements; sourceTree = "<group>"; };
		6282F1931AD8CC4B003114F0 /* CloudKit.framework */ = {isa = PBXFileReference; lastKnownFileType = wrapper.framework; name = CloudKit.framework; path = System/Library/Frameworks/CloudKit.framework; sourceTree = SDKROOT; };
		6282F1951AD8DF31003114F0 /* Note.swift */ = {isa = PBXFileReference; fileEncoding = 4; lastKnownFileType = sourcecode.swift; path = Note.swift; sourceTree = "<group>"; };
		629F9EC71AE3270C00699DA6 /* Composer.swift */ = {isa = PBXFileReference; fileEncoding = 4; lastKnownFileType = sourcecode.swift; path = Composer.swift; sourceTree = "<group>"; };
		62E16A2E1AF83D8C006D9ECB /* AtlasGrotesk-Regular.otf */ = {isa = PBXFileReference; lastKnownFileType = file; path = "AtlasGrotesk-Regular.otf"; sourceTree = "<group>"; };
		62E16A2F1AF83D8C006D9ECB /* AtlasGrotesk-Light.otf */ = {isa = PBXFileReference; lastKnownFileType = file; path = "AtlasGrotesk-Light.otf"; sourceTree = "<group>"; };
		62E56B431AEC523700B2D4B9 /* TableViewController.swift */ = {isa = PBXFileReference; fileEncoding = 4; lastKnownFileType = sourcecode.swift; path = TableViewController.swift; sourceTree = "<group>"; };
/* End PBXFileReference section */

/* Begin PBXFrameworksBuildPhase section */
		6282F1681AD8BED2003114F0 /* Frameworks */ = {
			isa = PBXFrameworksBuildPhase;
			buildActionMask = 2147483647;
			files = (
				6282F1941AD8CC4B003114F0 /* CloudKit.framework in Frameworks */,
			);
			runOnlyForDeploymentPostprocessing = 0;
		};
		6282F17D1AD8BED2003114F0 /* Frameworks */ = {
			isa = PBXFrameworksBuildPhase;
			buildActionMask = 2147483647;
			files = (
			);
			runOnlyForDeploymentPostprocessing = 0;
		};
/* End PBXFrameworksBuildPhase section */

/* Begin PBXGroup section */
		6258361B1AD9F55C00C3E46E /* Model */ = {
			isa = PBXGroup;
			children = (
				6282F1951AD8DF31003114F0 /* Note.swift */,
			);
			name = Model;
			sourceTree = "<group>";
		};
		6258361C1AD9F56C00C3E46E /* Controllers */ = {
			isa = PBXGroup;
			children = (
				6282F1721AD8BED2003114F0 /* ViewController.swift */,
				624E4B311AEF5E8F0057E714 /* Extensions.swift */,
				62E56B431AEC523700B2D4B9 /* TableViewController.swift */,
				6282F1901AD8C2B5003114F0 /* NoteViewController.swift */,
			);
			name = Controllers;
			sourceTree = "<group>";
		};
		6282F1621AD8BED2003114F0 = {
			isa = PBXGroup;
			children = (
				6282F1931AD8CC4B003114F0 /* CloudKit.framework */,
				6282F16D1AD8BED2003114F0 /* Pad */,
				6282F1831AD8BED2003114F0 /* PadTests */,
				6282F16C1AD8BED2003114F0 /* Products */,
			);
			sourceTree = "<group>";
		};
		6282F16C1AD8BED2003114F0 /* Products */ = {
			isa = PBXGroup;
			children = (
				6282F16B1AD8BED2003114F0 /* Pad.app */,
				6282F1801AD8BED2003114F0 /* PadTests.xctest */,
			);
			name = Products;
			sourceTree = "<group>";
		};
		6282F16D1AD8BED2003114F0 /* Pad */ = {
			isa = PBXGroup;
			children = (
				6282F1921AD8CC47003114F0 /* Pad.entitlements */,
				6282F1701AD8BED2003114F0 /* AppDelegate.swift */,
				6258361B1AD9F55C00C3E46E /* Model */,
				629F9EC91AE3272A00699DA6 /* View */,
				6258361C1AD9F56C00C3E46E /* Controllers */,
				620039AC1AEC861800B14F97 /* Images.xcassets */,
				6282F1791AD8BED2003114F0 /* LaunchScreen.xib */,
				62BA3E1C1AF5600300766439 /* Fonts */,
				6282F16E1AD8BED2003114F0 /* Supporting Files */,
			);
			path = Pad;
			sourceTree = "<group>";
		};
		6282F16E1AD8BED2003114F0 /* Supporting Files */ = {
			isa = PBXGroup;
			children = (
				6282F16F1AD8BED2003114F0 /* Info.plist */,
			);
			name = "Supporting Files";
			sourceTree = "<group>";
		};
		6282F1831AD8BED2003114F0 /* PadTests */ = {
			isa = PBXGroup;
			children = (
				6282F1861AD8BED2003114F0 /* PadTests.swift */,
				6282F1841AD8BED2003114F0 /* Supporting Files */,
			);
			path = PadTests;
			sourceTree = "<group>";
		};
		6282F1841AD8BED2003114F0 /* Supporting Files */ = {
			isa = PBXGroup;
			children = (
				6282F1851AD8BED2003114F0 /* Info.plist */,
			);
			name = "Supporting Files";
			sourceTree = "<group>";
		};
		629F9EC91AE3272A00699DA6 /* View */ = {
			isa = PBXGroup;
			children = (
				62688DB11AF99CCD005C536F /* ComposerAccessoryView.swift */,
				629F9EC71AE3270C00699DA6 /* Composer.swift */,
			);
			name = View;
			sourceTree = "<group>";
		};
		62BA3E1C1AF5600300766439 /* Fonts */ = {
			isa = PBXGroup;
			children = (
				62E16A2E1AF83D8C006D9ECB /* AtlasGrotesk-Regular.otf */,
				62E16A2F1AF83D8C006D9ECB /* AtlasGrotesk-Light.otf */,
			);
			name = Fonts;
			sourceTree = "<group>";
		};
/* End PBXGroup section */

/* Begin PBXNativeTarget section */
		6282F16A1AD8BED2003114F0 /* Pad */ = {
			isa = PBXNativeTarget;
			buildConfigurationList = 6282F18A1AD8BED2003114F0 /* Build configuration list for PBXNativeTarget "Pad" */;
			buildPhases = (
				6282F1671AD8BED2003114F0 /* Sources */,
				6282F1681AD8BED2003114F0 /* Frameworks */,
				6282F1691AD8BED2003114F0 /* Resources */,
			);
			buildRules = (
			);
			dependencies = (
			);
			name = Pad;
			productName = Pad;
			productReference = 6282F16B1AD8BED2003114F0 /* Pad.app */;
			productType = "com.apple.product-type.application";
		};
		6282F17F1AD8BED2003114F0 /* PadTests */ = {
			isa = PBXNativeTarget;
			buildConfigurationList = 6282F18D1AD8BED2003114F0 /* Build configuration list for PBXNativeTarget "PadTests" */;
			buildPhases = (
				6282F17C1AD8BED2003114F0 /* Sources */,
				6282F17D1AD8BED2003114F0 /* Frameworks */,
				6282F17E1AD8BED2003114F0 /* Resources */,
			);
			buildRules = (
			);
			dependencies = (
				6282F1821AD8BED2003114F0 /* PBXTargetDependency */,
			);
			name = PadTests;
			productName = PadTests;
			productReference = 6282F1801AD8BED2003114F0 /* PadTests.xctest */;
			productType = "com.apple.product-type.bundle.unit-test";
		};
/* End PBXNativeTarget section */

/* Begin PBXProject section */
		6282F1631AD8BED2003114F0 /* Project object */ = {
			isa = PBXProject;
			attributes = {
				LastUpgradeCheck = 0630;
				ORGANIZATIONNAME = "Colin Dunn";
				TargetAttributes = {
					6282F16A1AD8BED2003114F0 = {
						CreatedOnToolsVersion = 6.3;
						DevelopmentTeam = 6NP8N28385;
						SystemCapabilities = {
							com.apple.iCloud = {
								enabled = 1;
							};
						};
					};
					6282F17F1AD8BED2003114F0 = {
						CreatedOnToolsVersion = 6.3;
						TestTargetID = 6282F16A1AD8BED2003114F0;
					};
				};
			};
			buildConfigurationList = 6282F1661AD8BED2003114F0 /* Build configuration list for PBXProject "Pad" */;
			compatibilityVersion = "Xcode 3.2";
			developmentRegion = English;
			hasScannedForEncodings = 0;
			knownRegions = (
				en,
				Base,
			);
			mainGroup = 6282F1621AD8BED2003114F0;
			productRefGroup = 6282F16C1AD8BED2003114F0 /* Products */;
			projectDirPath = "";
			projectRoot = "";
			targets = (
				6282F16A1AD8BED2003114F0 /* Pad */,
				6282F17F1AD8BED2003114F0 /* PadTests */,
			);
		};
/* End PBXProject section */

/* Begin PBXResourcesBuildPhase section */
		6282F1691AD8BED2003114F0 /* Resources */ = {
			isa = PBXResourcesBuildPhase;
			buildActionMask = 2147483647;
			files = (
				6282F17B1AD8BED2003114F0 /* LaunchScreen.xib in Resources */,
				620039AD1AEC861800B14F97 /* Images.xcassets in Resources */,
				62E16A311AF83D8C006D9ECB /* AtlasGrotesk-Light.otf in Resources */,
				62E16A301AF83D8C006D9ECB /* AtlasGrotesk-Regular.otf in Resources */,
			);
			runOnlyForDeploymentPostprocessing = 0;
		};
		6282F17E1AD8BED2003114F0 /* Resources */ = {
			isa = PBXResourcesBuildPhase;
			buildActionMask = 2147483647;
			files = (
			);
			runOnlyForDeploymentPostprocessing = 0;
		};
/* End PBXResourcesBuildPhase section */

/* Begin PBXSourcesBuildPhase section */
		6282F1671AD8BED2003114F0 /* Sources */ = {
			isa = PBXSourcesBuildPhase;
			buildActionMask = 2147483647;
			files = (
				629F9EC81AE3270C00699DA6 /* Composer.swift in Sources */,
				62E56B441AEC523700B2D4B9 /* TableViewController.swift in Sources */,
				6282F1731AD8BED2003114F0 /* ViewController.swift in Sources */,
				6282F1911AD8C2B5003114F0 /* NoteViewController.swift in Sources */,
				6282F1711AD8BED2003114F0 /* AppDelegate.swift in Sources */,
				62688DB21AF99CCD005C536F /* ComposerAccessoryView.swift in Sources */,
				6282F1961AD8DF31003114F0 /* Note.swift in Sources */,
				624E4B321AEF5E8F0057E714 /* Extensions.swift in Sources */,
			);
			runOnlyForDeploymentPostprocessing = 0;
		};
		6282F17C1AD8BED2003114F0 /* Sources */ = {
			isa = PBXSourcesBuildPhase;
			buildActionMask = 2147483647;
			files = (
				6282F1871AD8BED2003114F0 /* PadTests.swift in Sources */,
			);
			runOnlyForDeploymentPostprocessing = 0;
		};
/* End PBXSourcesBuildPhase section */

/* Begin PBXTargetDependency section */
		6282F1821AD8BED2003114F0 /* PBXTargetDependency */ = {
			isa = PBXTargetDependency;
			target = 6282F16A1AD8BED2003114F0 /* Pad */;
			targetProxy = 6282F1811AD8BED2003114F0 /* PBXContainerItemProxy */;
		};
/* End PBXTargetDependency section */

/* Begin PBXVariantGroup section */
		6282F1791AD8BED2003114F0 /* LaunchScreen.xib */ = {
			isa = PBXVariantGroup;
			children = (
				6282F17A1AD8BED2003114F0 /* Base */,
			);
			name = LaunchScreen.xib;
			sourceTree = "<group>";
		};
/* End PBXVariantGroup section */

/* Begin XCBuildConfiguration section */
		6282F1881AD8BED2003114F0 /* Debug */ = {
			isa = XCBuildConfiguration;
			buildSettings = {
				ALWAYS_SEARCH_USER_PATHS = NO;
				CLANG_CXX_LANGUAGE_STANDARD = "gnu++0x";
				CLANG_CXX_LIBRARY = "libc++";
				CLANG_ENABLE_MODULES = YES;
				CLANG_ENABLE_OBJC_ARC = YES;
				CLANG_WARN_BOOL_CONVERSION = YES;
				CLANG_WARN_CONSTANT_CONVERSION = YES;
				CLANG_WARN_DIRECT_OBJC_ISA_USAGE = YES_ERROR;
				CLANG_WARN_EMPTY_BODY = YES;
				CLANG_WARN_ENUM_CONVERSION = YES;
				CLANG_WARN_INT_CONVERSION = YES;
				CLANG_WARN_OBJC_ROOT_CLASS = YES_ERROR;
				CLANG_WARN_UNREACHABLE_CODE = YES;
				CLANG_WARN__DUPLICATE_METHOD_MATCH = YES;
				"CODE_SIGN_IDENTITY[sdk=iphoneos*]" = "iPhone Developer";
				COPY_PHASE_STRIP = NO;
				DEBUG_INFORMATION_FORMAT = "dwarf-with-dsym";
				ENABLE_STRICT_OBJC_MSGSEND = YES;
				GCC_C_LANGUAGE_STANDARD = gnu99;
				GCC_DYNAMIC_NO_PIC = NO;
				GCC_NO_COMMON_BLOCKS = YES;
				GCC_OPTIMIZATION_LEVEL = 0;
				GCC_PREPROCESSOR_DEFINITIONS = (
					"DEBUG=1",
					"$(inherited)",
				);
				GCC_SYMBOLS_PRIVATE_EXTERN = NO;
				GCC_WARN_64_TO_32_BIT_CONVERSION = YES;
				GCC_WARN_ABOUT_RETURN_TYPE = YES_ERROR;
				GCC_WARN_UNDECLARED_SELECTOR = YES;
				GCC_WARN_UNINITIALIZED_AUTOS = YES_AGGRESSIVE;
				GCC_WARN_UNUSED_FUNCTION = YES;
				GCC_WARN_UNUSED_VARIABLE = YES;
				IPHONEOS_DEPLOYMENT_TARGET = 8.3;
				MTL_ENABLE_DEBUG_INFO = YES;
				ONLY_ACTIVE_ARCH = YES;
				SDKROOT = iphoneos;
				SWIFT_OPTIMIZATION_LEVEL = "-Onone";
				TARGETED_DEVICE_FAMILY = 2;
			};
			name = Debug;
		};
		6282F1891AD8BED2003114F0 /* Release */ = {
			isa = XCBuildConfiguration;
			buildSettings = {
				ALWAYS_SEARCH_USER_PATHS = NO;
				CLANG_CXX_LANGUAGE_STANDARD = "gnu++0x";
				CLANG_CXX_LIBRARY = "libc++";
				CLANG_ENABLE_MODULES = YES;
				CLANG_ENABLE_OBJC_ARC = YES;
				CLANG_WARN_BOOL_CONVERSION = YES;
				CLANG_WARN_CONSTANT_CONVERSION = YES;
				CLANG_WARN_DIRECT_OBJC_ISA_USAGE = YES_ERROR;
				CLANG_WARN_EMPTY_BODY = YES;
				CLANG_WARN_ENUM_CONVERSION = YES;
				CLANG_WARN_INT_CONVERSION = YES;
				CLANG_WARN_OBJC_ROOT_CLASS = YES_ERROR;
				CLANG_WARN_UNREACHABLE_CODE = YES;
				CLANG_WARN__DUPLICATE_METHOD_MATCH = YES;
				"CODE_SIGN_IDENTITY[sdk=iphoneos*]" = "iPhone Developer";
				COPY_PHASE_STRIP = NO;
				DEBUG_INFORMATION_FORMAT = "dwarf-with-dsym";
				ENABLE_NS_ASSERTIONS = NO;
				ENABLE_STRICT_OBJC_MSGSEND = YES;
				GCC_C_LANGUAGE_STANDARD = gnu99;
				GCC_NO_COMMON_BLOCKS = YES;
				GCC_WARN_64_TO_32_BIT_CONVERSION = YES;
				GCC_WARN_ABOUT_RETURN_TYPE = YES_ERROR;
				GCC_WARN_UNDECLARED_SELECTOR = YES;
				GCC_WARN_UNINITIALIZED_AUTOS = YES_AGGRESSIVE;
				GCC_WARN_UNUSED_FUNCTION = YES;
				GCC_WARN_UNUSED_VARIABLE = YES;
				IPHONEOS_DEPLOYMENT_TARGET = 8.3;
				MTL_ENABLE_DEBUG_INFO = NO;
				SDKROOT = iphoneos;
				TARGETED_DEVICE_FAMILY = 2;
				VALIDATE_PRODUCT = YES;
			};
			name = Release;
		};
		6282F18B1AD8BED2003114F0 /* Debug */ = {
			isa = XCBuildConfiguration;
			buildSettings = {
				ASSETCATALOG_COMPILER_APPICON_NAME = AppIcon;
				CODE_SIGN_ENTITLEMENTS = Pad/Pad.entitlements;
				CODE_SIGN_IDENTITY = "iPhone Developer";
				"CODE_SIGN_IDENTITY[sdk=iphoneos*]" = "iPhone Developer";
				INFOPLIST_FILE = Pad/Info.plist;
				LD_RUNPATH_SEARCH_PATHS = "$(inherited) @executable_path/Frameworks";
				PRODUCT_NAME = "$(TARGET_NAME)";
				PROVISIONING_PROFILE = "";
				TARGETED_DEVICE_FAMILY = 1;
			};
			name = Debug;
		};
		6282F18C1AD8BED2003114F0 /* Release */ = {
			isa = XCBuildConfiguration;
			buildSettings = {
				ASSETCATALOG_COMPILER_APPICON_NAME = AppIcon;
				CODE_SIGN_ENTITLEMENTS = Pad/Pad.entitlements;
				CODE_SIGN_IDENTITY = "iPhone Developer";
				"CODE_SIGN_IDENTITY[sdk=iphoneos*]" = "iPhone Developer";
				INFOPLIST_FILE = Pad/Info.plist;
				LD_RUNPATH_SEARCH_PATHS = "$(inherited) @executable_path/Frameworks";
				PRODUCT_NAME = "$(TARGET_NAME)";
				PROVISIONING_PROFILE = "";
				TARGETED_DEVICE_FAMILY = 1;
			};
			name = Release;
		};
		6282F18E1AD8BED2003114F0 /* Debug */ = {
			isa = XCBuildConfiguration;
			buildSettings = {
				BUNDLE_LOADER = "$(TEST_HOST)";
				FRAMEWORK_SEARCH_PATHS = (
					"$(SDKROOT)/Developer/Library/Frameworks",
					"$(inherited)",
				);
				GCC_PREPROCESSOR_DEFINITIONS = (
					"DEBUG=1",
					"$(inherited)",
				);
				INFOPLIST_FILE = PadTests/Info.plist;
				LD_RUNPATH_SEARCH_PATHS = "$(inherited) @executable_path/Frameworks @loader_path/Frameworks";
				PRODUCT_NAME = "$(TARGET_NAME)";
				TEST_HOST = "$(BUILT_PRODUCTS_DIR)/Pad.app/Pad";
			};
			name = Debug;
		};
		6282F18F1AD8BED2003114F0 /* Release */ = {
			isa = XCBuildConfiguration;
			buildSettings = {
				BUNDLE_LOADER = "$(TEST_HOST)";
				FRAMEWORK_SEARCH_PATHS = (
					"$(SDKROOT)/Developer/Library/Frameworks",
					"$(inherited)",
				);
				INFOPLIST_FILE = PadTests/Info.plist;
				LD_RUNPATH_SEARCH_PATHS = "$(inherited) @executable_path/Frameworks @loader_path/Frameworks";
				PRODUCT_NAME = "$(TARGET_NAME)";
				TEST_HOST = "$(BUILT_PRODUCTS_DIR)/Pad.app/Pad";
			};
			name = Release;
		};
/* End XCBuildConfiguration section */

/* Begin XCConfigurationList section */
		6282F1661AD8BED2003114F0 /* Build configuration list for PBXProject "Pad" */ = {
			isa = XCConfigurationList;
			buildConfigurations = (
				6282F1881AD8BED2003114F0 /* Debug */,
				6282F1891AD8BED2003114F0 /* Release */,
			);
			defaultConfigurationIsVisible = 0;
			defaultConfigurationName = Release;
		};
		6282F18A1AD8BED2003114F0 /* Build configuration list for PBXNativeTarget "Pad" */ = {
			isa = XCConfigurationList;
			buildConfigurations = (
				6282F18B1AD8BED2003114F0 /* Debug */,
				6282F18C1AD8BED2003114F0 /* Release */,
			);
			defaultConfigurationIsVisible = 0;
			defaultConfigurationName = Release;
		};
		6282F18D1AD8BED2003114F0 /* Build configuration list for PBXNativeTarget "PadTests" */ = {
			isa = XCConfigurationList;
			buildConfigurations = (
				6282F18E1AD8BED2003114F0 /* Debug */,
				6282F18F1AD8BED2003114F0 /* Release */,
			);
			defaultConfigurationIsVisible = 0;
			defaultConfigurationName = Release;
		};
/* End XCConfigurationList section */
	};
	rootObject = 6282F1631AD8BED2003114F0 /* Project object */;
}
